
Microsoft Visual Studio Solution File, Format Version 12.00
# Visual Studio 15
VisualStudioVersion = 15.0.28307.705
MinimumVisualStudioVersion = 10.0.40219.1
Project("{FAE04EC0-301F-11D3-BF4B-00C04F79EFBC}") = "DpHw-3.Adapter", "DpHw-3\DpHw-3.Adapter.csproj", "{E8E77F8B-402D-44A2-BB9C-A0F2DEB7FDE6}"
EndProject
Project("{FAE04EC0-301F-11D3-BF4B-00C04F79EFBC}") = "DpHw-3.Facade", "DpHw-3.Facade\DpHw-3.Facade.csproj", "{825A46F2-2FB2-4D31-B972-00CB2B69A8FD}"
EndProject
Global
	GlobalSection(SolutionConfigurationPlatforms) = preSolution
		Debug|Any CPU = Debug|Any CPU
		Release|Any CPU = Release|Any CPU
	EndGlobalSection
	GlobalSection(ProjectConfigurationPlatforms) = postSolution
		{E8E77F8B-402D-44A2-BB9C-A0F2DEB7FDE6}.Debug|Any CPU.ActiveCfg = Debug|Any CPU
		{E8E77F8B-402D-44A2-BB9C-A0F2DEB7FDE6}.Debug|Any CPU.Build.0 = Debug|Any CPU
		{E8E77F8B-402D-44A2-BB9C-A0F2DEB7FDE6}.Release|Any CPU.ActiveCfg = Release|Any CPU
		{E8E77F8B-402D-44A2-BB9C-A0F2DEB7FDE6}.Release|Any CPU.Build.0 = Release|Any CPU
		{825A46F2-2FB2-4D31-B972-00CB2B69A8FD}.Debug|Any CPU.ActiveCfg = Debug|Any CPU
		{825A46F2-2FB2-4D31-B972-00CB2B69A8FD}.Debug|Any CPU.Build.0 = Debug|Any CPU
		{825A46F2-2FB2-4D31-B972-00CB2B69A8FD}.Release|Any CPU.ActiveCfg = Release|Any CPU
		{825A46F2-2FB2-4D31-B972-00CB2B69A8FD}.Release|Any CPU.Build.0 = Release|Any CPU
	EndGlobalSection
	GlobalSection(SolutionProperties) = preSolution
		HideSolutionNode = FALSE
	EndGlobalSection
	GlobalSection(ExtensibilityGlobals) = postSolution
		SolutionGuid = {98FD9E5C-804C-4105-91BB-0036BDB5E4E8}
	EndGlobalSection
EndGlobal
